
Microsoft Visual Studio Solution File, Format Version 12.00
# Visual Studio 15
Project("{FAE04EC0-301F-11D3-BF4B-00C04F79EFBC}") = "Assembly-CSharp", "Assembly-CSharp.csproj", "{5460E685-E72F-C58A-6323-8BD9E210F071}"
EndProject
Project("{FAE04EC0-301F-11D3-BF4B-00C04F79EFBC}") = "Assembly-CSharp-Editor", "Assembly-CSharp-Editor.csproj", "{C354ED10-490B-AAFB-A7FC-9B1FD2BAEE64}"
EndProject
Project("{FAE04EC0-301F-11D3-BF4B-00C04F79EFBC}") = "UnityEngine.InputSystem.Samples.UIvsGameInput", "UnityEngine.InputSystem.Samples.UIvsGameInput.csproj", "{FAD37F32-20E0-F835-F1FA-F97AEB4BA291}"
EndProject
Global
	GlobalSection(SolutionConfigurationPlatforms) = preSolution
		Debug|Any CPU = Debug|Any CPU
		Release|Any CPU = Release|Any CPU
	EndGlobalSection
	GlobalSection(ProjectConfigurationPlatforms) = postSolution
		{5460E685-E72F-C58A-6323-8BD9E210F071}.Debug|Any CPU.ActiveCfg = Debug|Any CPU
		{5460E685-E72F-C58A-6323-8BD9E210F071}.Debug|Any CPU.Build.0 = Debug|Any CPU
		{5460E685-E72F-C58A-6323-8BD9E210F071}.Release|Any CPU.ActiveCfg = Release|Any CPU
		{5460E685-E72F-C58A-6323-8BD9E210F071}.Release|Any CPU.Build.0 = Release|Any CPU
		{C354ED10-490B-AAFB-A7FC-9B1FD2BAEE64}.Debug|Any CPU.ActiveCfg = Debug|Any CPU
		{C354ED10-490B-AAFB-A7FC-9B1FD2BAEE64}.Debug|Any CPU.Build.0 = Debug|Any CPU
		{C354ED10-490B-AAFB-A7FC-9B1FD2BAEE64}.Release|Any CPU.ActiveCfg = Release|Any CPU
		{C354ED10-490B-AAFB-A7FC-9B1FD2BAEE64}.Release|Any CPU.Build.0 = Release|Any CPU
		{FAD37F32-20E0-F835-F1FA-F97AEB4BA291}.Debug|Any CPU.ActiveCfg = Debug|Any CPU
		{FAD37F32-20E0-F835-F1FA-F97AEB4BA291}.Debug|Any CPU.Build.0 = Debug|Any CPU
		{FAD37F32-20E0-F835-F1FA-F97AEB4BA291}.Release|Any CPU.ActiveCfg = Release|Any CPU
		{FAD37F32-20E0-F835-F1FA-F97AEB4BA291}.Release|Any CPU.Build.0 = Release|Any CPU
	EndGlobalSection
	GlobalSection(SolutionProperties) = preSolution
		HideSolutionNode = FALSE
	EndGlobalSection
EndGlobal
